
Microsoft Visual Studio Solution File, Format Version 12.00
# Visual Studio Version 17
VisualStudioVersion = 17.1.32210.238
MinimumVisualStudioVersion = 10.0.40219.1
Project("{9A19103F-16F7-4668-BE54-9A1E7A4F7556}") = "Entities", "Entities\Entities.csproj", "{601A2E9E-C89D-4224-8859-222112AB1D8E}"
EndProject
Project("{9A19103F-16F7-4668-BE54-9A1E7A4F7556}") = "DataAccess", "DataAccess\DataAccess.csproj", "{8769B050-963A-4B0B-8650-BA910F083AF3}"
EndProject
Project("{9A19103F-16F7-4668-BE54-9A1E7A4F7556}") = "Business", "Business\Business.csproj", "{9A3BD03A-8CCF-4996-851B-7F82E943C7DD}"
EndProject
Project("{9A19103F-16F7-4668-BE54-9A1E7A4F7556}") = "ConsoleUI", "Console\ConsoleUI.csproj", "{17643B47-E360-4C4B-8290-625CDB5D17B2}"
EndProject
Project("{9A19103F-16F7-4668-BE54-9A1E7A4F7556}") = "Core", "Core\Core.csproj", "{EB356D71-6B6E-4778-A822-DBD4792815F6}"
EndProject
Project("{FAE04EC0-301F-11D3-BF4B-00C04F79EFBC}") = "WebAPI", "WebAPI\WebAPI.csproj", "{F88D86D6-5AAF-4139-8E95-4AC28435CA3D}"
EndProject
Global
	GlobalSection(SolutionConfigurationPlatforms) = preSolution
		Debug|Any CPU = Debug|Any CPU
		Release|Any CPU = Release|Any CPU
	EndGlobalSection
	GlobalSection(ProjectConfigurationPlatforms) = postSolution
		{601A2E9E-C89D-4224-8859-222112AB1D8E}.Debug|Any CPU.ActiveCfg = Debug|Any CPU
		{601A2E9E-C89D-4224-8859-222112AB1D8E}.Debug|Any CPU.Build.0 = Debug|Any CPU
		{601A2E9E-C89D-4224-8859-222112AB1D8E}.Release|Any CPU.ActiveCfg = Release|Any CPU
		{601A2E9E-C89D-4224-8859-222112AB1D8E}.Release|Any CPU.Build.0 = Release|Any CPU
		{8769B050-963A-4B0B-8650-BA910F083AF3}.Debug|Any CPU.ActiveCfg = Debug|Any CPU
		{8769B050-963A-4B0B-8650-BA910F083AF3}.Debug|Any CPU.Build.0 = Debug|Any CPU
		{8769B050-963A-4B0B-8650-BA910F083AF3}.Release|Any CPU.ActiveCfg = Release|Any CPU
		{8769B050-963A-4B0B-8650-BA910F083AF3}.Release|Any CPU.Build.0 = Release|Any CPU
		{9A3BD03A-8CCF-4996-851B-7F82E943C7DD}.Debug|Any CPU.ActiveCfg = Debug|Any CPU
		{9A3BD03A-8CCF-4996-851B-7F82E943C7DD}.Debug|Any CPU.Build.0 = Debug|Any CPU
		{9A3BD03A-8CCF-4996-851B-7F82E943C7DD}.Release|Any CPU.ActiveCfg = Release|Any CPU
		{9A3BD03A-8CCF-4996-851B-7F82E943C7DD}.Release|Any CPU.Build.0 = Release|Any CPU
		{17643B47-E360-4C4B-8290-625CDB5D17B2}.Debug|Any CPU.ActiveCfg = Debug|Any CPU
		{17643B47-E360-4C4B-8290-625CDB5D17B2}.Debug|Any CPU.Build.0 = Debug|Any CPU
		{17643B47-E360-4C4B-8290-625CDB5D17B2}.Release|Any CPU.ActiveCfg = Release|Any CPU
		{17643B47-E360-4C4B-8290-625CDB5D17B2}.Release|Any CPU.Build.0 = Release|Any CPU
		{EB356D71-6B6E-4778-A822-DBD4792815F6}.Debug|Any CPU.ActiveCfg = Debug|Any CPU
		{EB356D71-6B6E-4778-A822-DBD4792815F6}.Debug|Any CPU.Build.0 = Debug|Any CPU
		{EB356D71-6B6E-4778-A822-DBD4792815F6}.Release|Any CPU.ActiveCfg = Release|Any CPU
		{EB356D71-6B6E-4778-A822-DBD4792815F6}.Release|Any CPU.Build.0 = Release|Any CPU
		{F88D86D6-5AAF-4139-8E95-4AC28435CA3D}.Debug|Any CPU.ActiveCfg = Debug|Any CPU
		{F88D86D6-5AAF-4139-8E95-4AC28435CA3D}.Debug|Any CPU.Build.0 = Debug|Any CPU
		{F88D86D6-5AAF-4139-8E95-4AC28435CA3D}.Release|Any CPU.ActiveCfg = Release|Any CPU
		{F88D86D6-5AAF-4139-8E95-4AC28435CA3D}.Release|Any CPU.Build.0 = Release|Any CPU
	EndGlobalSection
	GlobalSection(SolutionProperties) = preSolution
		HideSolutionNode = FALSE
	EndGlobalSection
	GlobalSection(ExtensibilityGlobals) = postSolution
		SolutionGuid = {1E80C5BA-4785-4F7E-B17C-F31E8E8B2E6D}
	EndGlobalSection
EndGlobal
